
Microsoft Visual Studio Solution File, Format Version 12.00
# Visual Studio Version 17
VisualStudioVersion = 17.13.35913.81 d17.13
MinimumVisualStudioVersion = 10.0.40219.1
Project("{FAE04EC0-301F-11D3-BF4B-00C04F79EFBC}") = "CRUDWithDapperORMD8", "CRUDWithDapperORMD8\CRUDWithDapperORMD8.csproj", "{4EBBC0EE-8497-4758-8A8C-2D343FBEB08E}"
EndProject
Global
	GlobalSection(SolutionConfigurationPlatforms) = preSolution
		Debug|Any CPU = Debug|Any CPU
		Release|Any CPU = Release|Any CPU
	EndGlobalSection
	GlobalSection(ProjectConfigurationPlatforms) = postSolution
		{4EBBC0EE-8497-4758-8A8C-2D343FBEB08E}.Debug|Any CPU.ActiveCfg = Debug|Any CPU
		{4EBBC0EE-8497-4758-8A8C-2D343FBEB08E}.Debug|Any CPU.Build.0 = Debug|Any CPU
		{4EBBC0EE-8497-4758-8A8C-2D343FBEB08E}.Release|Any CPU.ActiveCfg = Release|Any CPU
		{4EBBC0EE-8497-4758-8A8C-2D343FBEB08E}.Release|Any CPU.Build.0 = Release|Any CPU
	EndGlobalSection
	GlobalSection(SolutionProperties) = preSolution
		HideSolutionNode = FALSE
	EndGlobalSection
	GlobalSection(ExtensibilityGlobals) = postSolution
		SolutionGuid = {4B38C1D7-C13F-4C4F-99B9-DF4C679E6E90}
	EndGlobalSection
EndGlobal
